{
    "name": "newreverse-string",
    "version": "3.0.0",
    "lockfileVersion": 3,
    "requires": true,
    "packages": {
        "": {
            "name": "newreverse-string",
            "version": "3.0.0",
            "license": "ISC",
            "dependencies": {
                "newreverse-string": "^3.0.0"
            }
        },
        "node_modules/newreverse-string": {
            "version": "3.0.0",
            "resolved": "https://registry.npmjs.org/newreverse-string/-/newreverse-string-3.0.0.tgz",
            "integrity": "sha512-eNZpdmmKtMay2C9EMtIILf2uRlrC1hE9Q/DjR++4Q2OSLMuDQVEe5ZdwfY5kXzjGYuMCI0NEw27Xf6iceWWkvA==",
            "dependencies": {
                "newreverse-string": "^3.0.0"
            }
        }
    }
}
